lockfileVersion: 5.3

specifiers:
  '@commitlint/config-conventional': ^14.1.0
  husky: ^7.0.4

devDependencies:
  '@commitlint/config-conventional': 14.1.0
  husky: 7.0.4

packages:

  /@commitlint/config-conventional/14.1.0:
    resolution: {integrity: sha512-JuhCqkEv8jyqmd54EpXPsQFpYc/8k7sfP1UziRdEvZSJUCLxz+8Pk4cNS0oF1BtjaWO7ITgXPlIZg47PyApGmg==}
    engines: {node: '>=v12'}
    dependencies:
      conventional-changelog-conventionalcommits: 4.6.1
    dev: true

  /array-ify/1.0.0:
    resolution: {integrity: sha1-nlKHYrSpBmrRY6aWKjZEGOlibs4=}
    dev: true

  /compare-func/2.0.0:
    resolution: {integrity: sha512-zHig5N+tPWARooBnb0Zx1MFcdfpyJrfTJ3Y5L+IFvUm8rM74hHz66z0gw0x4tijh5CorKkKUCnW82R2vmpeCRA==}
    dependencies:
      array-ify: 1.0.0
      dot-prop: 5.3.0
    dev: true

  /conventional-changelog-conventionalcommits/4.6.1:
    resolution: {integrity: sha512-lzWJpPZhbM1R0PIzkwzGBCnAkH5RKJzJfFQZcl/D+2lsJxAwGnDKBqn/F4C1RD31GJNn8NuKWQzAZDAVXPp2Mw==}
    engines: {node: '>=10'}
    dependencies:
      compare-func: 2.0.0
      lodash: 4.17.21
      q: 1.5.1
    dev: true

  /dot-prop/5.3.0:
    resolution: {integrity: sha512-QM8q3zDe58hqUqjraQOmzZ1LIH9SWQJTlEKCH4kJ2oQvLZk7RbQXvtDM2XEq3fwkV9CCvvH4LA0AV+ogFsBM2Q==}
    engines: {node: '>=8'}
    dependencies:
      is-obj: 2.0.0
    dev: true

  /husky/7.0.4:
    resolution: {integrity: sha512-vbaCKN2QLtP/vD4yvs6iz6hBEo6wkSzs8HpRah1Z6aGmF2KW5PdYuAd7uX5a+OyBZHBhd+TFLqgjUgytQr4RvQ==}
    engines: {node: '>=12'}
    hasBin: true
    dev: true

  /is-obj/2.0.0:
    resolution: {integrity: sha512-drqDG3cbczxxEJRoOXcOjtdp1J/lyp1mNn0xaznRs8+muBhgQcrnbspox5X5fOw0HnMnbfDzvnEMEtqDEJEo8w==}
    engines: {node: '>=8'}
    dev: true

  /lodash/4.17.21:
    resolution: {integrity: sha512-v2kDEe57lecTulaDIuNTPy3Ry4gLGJ6Z1O3vE1krgXZNrsQ+LFTGHVxVjcXPs17LhbZVGedAJv8XZ1tvj5FvSg==}
    dev: true

  /q/1.5.1:
    resolution: {integrity: sha1-fjL3W0E4EpHQRhHxvxQQmsAGUdc=}
    engines: {node: '>=0.6.0', teleport: '>=0.2.0'}
    dev: true
